// !$*UTF8*$!
{
	archiveVersion = 1;
	classes = {
	};
	objectVersion = 50;
	objects = {

/* Begin PBXBuildFile section */
		AA26893E21A0550B00BEABA8 /* AppDelegate.swift in Sources */ = {isa = PBXBuildFile; fileRef = AA26893D21A0550B00BEABA8 /* AppDelegate.swift */; };
		AA26894021A0550B00BEABA8 /* ViewController.swift in Sources */ = {isa = PBXBuildFile; fileRef = AA26893F21A0550B00BEABA8 /* ViewController.swift */; };
		AA26894321A0550B00BEABA8 /* Main.storyboard in Resources */ = {isa = PBXBuildFile; fileRef = AA26894121A0550B00BEABA8 /* Main.storyboard */; };
		AA26894521A0550C00BEABA8 /* Assets.xcassets in Resources */ = {isa = PBXBuildFile; fileRef = AA26894421A0550C00BEABA8 /* Assets.xcassets */; };
		AA26894821A0550C00BEABA8 /* LaunchScreen.storyboard in Resources */ = {isa = PBXBuildFile; fileRef = AA26894621A0550C00BEABA8 /* LaunchScreen.storyboard */; };
		AA26895621A0552100BEABA8 /* libMMTableViewAdapter.a in Frameworks */ = {isa = PBXBuildFile; fileRef = AA26895421A0551600BEABA8 /* libMMTableViewAdapter.a */; };
/* End PBXBuildFile section */

/* Begin PBXContainerItemProxy section */
		AA26895321A0551600BEABA8 /* PBXContainerItemProxy */ = {
			isa = PBXContainerItemProxy;
			containerPortal = AA26894F21A0551600BEABA8 /* MMTableViewAdapter.xcodeproj */;
			proxyType = 2;
			remoteGlobalIDString = AA5857BA21A052E9007B3EB4;
			remoteInfo = MMTableViewAdapter;
		};
		AA26895721A0552C00BEABA8 /* PBXContainerItemProxy */ = {
			isa = PBXContainerItemProxy;
			containerPortal = AA26894F21A0551600BEABA8 /* MMTableViewAdapter.xcodeproj */;
			proxyType = 1;
			remoteGlobalIDString = AA5857B921A052E9007B3EB4;
			remoteInfo = MMTableViewAdapter;
		};
/* End PBXContainerItemProxy section */

/* Begin PBXFileReference section */
		AA26893A21A0550B00BEABA8 /* Example.app */ = {isa = PBXFileReference; explicitFileType = wrapper.application; includeInIndex = 0; path = Example.app; sourceTree = BUILT_PRODUCTS_DIR; };
		AA26893D21A0550B00BEABA8 /* AppDelegate.swift */ = {isa = PBXFileReference; lastKnownFileType = sourcecode.swift; path = AppDelegate.swift; sourceTree = "<group>"; };
		AA26893F21A0550B00BEABA8 /* ViewController.swift */ = {isa = PBXFileReference; lastKnownFileType = sourcecode.swift; path = ViewController.swift; sourceTree = "<group>"; };
		AA26894221A0550B00BEABA8 /* Base */ = {isa = PBXFileReference; lastKnownFileType = file.storyboard; name = Base; path = Base.lproj/Main.storyboard; sourceTree = "<group>"; };
		AA26894421A0550C00BEABA8 /* Assets.xcassets */ = {isa = PBXFileReference; lastKnownFileType = folder.assetcatalog; path = Assets.xcassets; sourceTree = "<group>"; };
		AA26894721A0550C00BEABA8 /* Base */ = {isa = PBXFileReference; lastKnownFileType = file.storyboard; name = Base; path = Base.lproj/LaunchScreen.storyboard; sourceTree = "<group>"; };
		AA26894921A0550C00BEABA8 /* Info.plist */ = {isa = PBXFileReference; lastKnownFileType = text.plist.xml; path = Info.plist; sourceTree = "<group>"; };
		AA26894F21A0551600BEABA8 /* MMTableViewAdapter.xcodeproj */ = {isa = PBXFileReference; lastKnownFileType = "wrapper.pb-project"; name = MMTableViewAdapter.xcodeproj; path = ../MMTableViewAdapter.xcodeproj; sourceTree = "<group>"; };
/* End PBXFileReference section */

/* Begin PBXFrameworksBuildPhase section */
		AA26893721A0550B00BEABA8 /* Frameworks */ = {
			isa = PBXFrameworksBuildPhase;
			buildActionMask = 2147483647;
			files = (
				AA26895621A0552100BEABA8 /* libMMTableViewAdapter.a in Frameworks */,
			);
			runOnlyForDeploymentPostprocessing = 0;
		};
/* End PBXFrameworksBuildPhase section */

/* Begin PBXGroup section */
		AA26893121A0550B00BEABA8 = {
			isa = PBXGroup;
			children = (
				AA26893C21A0550B00BEABA8 /* Example */,
				AA26894F21A0551600BEABA8 /* MMTableViewAdapter.xcodeproj */,
				AA26893B21A0550B00BEABA8 /* Products */,
				AA26895521A0552100BEABA8 /* Frameworks */,
			);
			sourceTree = "<group>";
		};
		AA26893B21A0550B00BEABA8 /* Products */ = {
			isa = PBXGroup;
			children = (
				AA26893A21A0550B00BEABA8 /* Example.app */,
			);
			name = Products;
			sourceTree = "<group>";
		};
		AA26893C21A0550B00BEABA8 /* Example */ = {
			isa = PBXGroup;
			children = (
				AA26893D21A0550B00BEABA8 /* AppDelegate.swift */,
				AA26893F21A0550B00BEABA8 /* ViewController.swift */,
				AA26894121A0550B00BEABA8 /* Main.storyboard */,
				AA26894421A0550C00BEABA8 /* Assets.xcassets */,
				AA26894621A0550C00BEABA8 /* LaunchScreen.storyboard */,
				AA26894921A0550C00BEABA8 /* Info.plist */,
			);
			path = Example;
			sourceTree = "<group>";
		};
		AA26895021A0551600BEABA8 /* Products */ = {
			isa = PBXGroup;
			children = (
				AA26895421A0551600BEABA8 /* libMMTableViewAdapter.a */,
			);
			name = Products;
			sourceTree = "<group>";
		};
		AA26895521A0552100BEABA8 /* Frameworks */ = {
			isa = PBXGroup;
			children = (
			);
			name = Frameworks;
			sourceTree = "<group>";
		};
/* End PBXGroup section */

/* Begin PBXNativeTarget section */
		AA26893921A0550B00BEABA8 /* Example */ = {
			isa = PBXNativeTarget;
			buildConfigurationList = AA26894C21A0550C00BEABA8 /* Build configuration list for PBXNativeTarget "Example" */;
			buildPhases = (
				AA26893621A0550B00BEABA8 /* Sources */,
				AA26893721A0550B00BEABA8 /* Frameworks */,
				AA26893821A0550B00BEABA8 /* Resources */,
			);
			buildRules = (
			);
			dependencies = (
				AA26895821A0552C00BEABA8 /* PBXTargetDependency */,
			);
			name = Example;
			productName = Example;
			productReference = AA26893A21A0550B00BEABA8 /* Example.app */;
			productType = "com.apple.product-type.application";
		};
/* End PBXNativeTarget section */

/* Begin PBXProject section */
		AA26893221A0550B00BEABA8 /* Project object */ = {
			isa = PBXProject;
			attributes = {
				LastSwiftUpdateCheck = 1010;
				LastUpgradeCheck = 1010;
				ORGANIZATIONNAME = meim;
				TargetAttributes = {
					AA26893921A0550B00BEABA8 = {
						CreatedOnToolsVersion = 10.1;
					};
				};
			};
			buildConfigurationList = AA26893521A0550B00BEABA8 /* Build configuration list for PBXProject "Example" */;
			compatibilityVersion = "Xcode 9.3";
			developmentRegion = en;
			hasScannedForEncodings = 0;
			knownRegions = (
				en,
				Base,
			);
			mainGroup = AA26893121A0550B00BEABA8;
			productRefGroup = AA26893B21A0550B00BEABA8 /* Products */;
			projectDirPath = "";
			projectReferences = (
				{
					ProductGroup = AA26895021A0551600BEABA8 /* Products */;
					ProjectRef = AA26894F21A0551600BEABA8 /* MMTableViewAdapter.xcodeproj */;
				},
			);
			projectRoot = "";
			targets = (
				AA26893921A0550B00BEABA8 /* Example */,
			);
		};
/* End PBXProject section */

/* Begin PBXReferenceProxy section */
		AA26895421A0551600BEABA8 /* libMMTableViewAdapter.a */ = {
			isa = PBXReferenceProxy;
			fileType = archive.ar;
			path = libMMTableViewAdapter.a;
			remoteRef = AA26895321A0551600BEABA8 /* PBXContainerItemProxy */;
			sourceTree = BUILT_PRODUCTS_DIR;
		};
/* End PBXReferenceProxy section */

/* Begin PBXResourcesBuildPhase section */
		AA26893821A0550B00BEABA8 /* Resources */ = {
			isa = PBXResourcesBuildPhase;
			buildActionMask = 2147483647;
			files = (
				AA26894821A0550C00BEABA8 /* LaunchScreen.storyboard in Resources */,
				AA26894521A0550C00BEABA8 /* Assets.xcassets in Resources */,
				AA26894321A0550B00BEABA8 /* Main.storyboard in Resources */,
			);
			runOnlyForDeploymentPostprocessing = 0;
		};
/* End PBXResourcesBuildPhase section */

/* Begin PBXSourcesBuildPhase section */
		AA26893621A0550B00BEABA8 /* Sources */ = {
			isa = PBXSourcesBuildPhase;
			buildActionMask = 2147483647;
			files = (
				AA26894021A0550B00BEABA8 /* ViewController.swift in Sources */,
				AA26893E21A0550B00BEABA8 /* AppDelegate.swift in Sources */,
			);
			runOnlyForDeploymentPostprocessing = 0;
		};
/* End PBXSourcesBuildPhase section */

/* Begin PBXTargetDependency section */
		AA26895821A0552C00BEABA8 /* PBXTargetDependency */ = {
			isa = PBXTargetDependency;
			name = MMTableViewAdapter;
			targetProxy = AA26895721A0552C00BEABA8 /* PBXContainerItemProxy */;
		};
/* End PBXTargetDependency section */

/* Begin PBXVariantGroup section */
		AA26894121A0550B00BEABA8 /* Main.storyboard */ = {
			isa = PBXVariantGroup;
			children = (
				AA26894221A0550B00BEABA8 /* Base */,
			);
			name = Main.storyboard;
			sourceTree = "<group>";
		};
		AA26894621A0550C00BEABA8 /* LaunchScreen.storyboard */ = {
			isa = PBXVariantGroup;
			children = (
				AA26894721A0550C00BEABA8 /* Base */,
			);
			name = LaunchScreen.storyboard;
			sourceTree = "<group>";
		};
/* End PBXVariantGroup section */

/* Begin XCBuildConfiguration section */
		AA26894A21A0550C00BEABA8 /* Debug */ = {
			isa = XCBuildConfiguration;
			buildSettings = {
				ALWAYS_SEARCH_USER_PATHS = NO;
				CLANG_ANALYZER_NONNULL = YES;
				CLANG_ANALYZER_NUMBER_OBJECT_CONVERSION = YES_AGGRESSIVE;
				CLANG_CXX_LANGUAGE_STANDARD = "gnu++14";
				CLANG_CXX_LIBRARY = "libc++";
				CLANG_ENABLE_MODULES = YES;
				CLANG_ENABLE_OBJC_ARC = YES;
				CLANG_ENABLE_OBJC_WEAK = YES;
				CLANG_WARN_BLOCK_CAPTURE_AUTORELEASING = YES;
				CLANG_WARN_BOOL_CONVERSION = YES;
				CLANG_WARN_COMMA = YES;
				CLANG_WARN_CONSTANT_CONVERSION = YES;
				CLANG_WARN_DEPRECATED_OBJC_IMPLEMENTATIONS = YES;
				CLANG_WARN_DIRECT_OBJC_ISA_USAGE = YES_ERROR;
				CLANG_WARN_DOCUMENTATION_COMMENTS = YES;
				CLANG_WARN_EMPTY_BODY = YES;
				CLANG_WARN_ENUM_CONVERSION = YES;
				CLANG_WARN_INFINITE_RECURSION = YES;
				CLANG_WARN_INT_CONVERSION = YES;
				CLANG_WARN_NON_LITERAL_NULL_CONVERSION = YES;
				CLANG_WARN_OBJC_IMPLICIT_RETAIN_SELF = YES;
				CLANG_WARN_OBJC_LITERAL_CONVERSION = YES;
				CLANG_WARN_OBJC_ROOT_CLASS = YES_ERROR;
				CLANG_WARN_RANGE_LOOP_ANALYSIS = YES;
				CLANG_WARN_STRICT_PROTOTYPES = YES;
				CLANG_WARN_SUSPICIOUS_MOVE = YES;
				CLANG_WARN_UNGUARDED_AVAILABILITY = YES_AGGRESSIVE;
				CLANG_WARN_UNREACHABLE_CODE = YES;
				CLANG_WARN__DUPLICATE_METHOD_MATCH = YES;
				CODE_SIGN_IDENTITY = "iPhone Developer";
				COPY_PHASE_STRIP = NO;
				DEBUG_INFORMATION_FORMAT = dwarf;
				ENABLE_STRICT_OBJC_MSGSEND = YES;
				ENABLE_TESTABILITY = YES;
				GCC_C_LANGUAGE_STANDARD = gnu11;
				GCC_DYNAMIC_NO_PIC = NO;
				GCC_NO_COMMON_BLOCKS = YES;
				GCC_OPTIMIZATION_LEVEL = 0;
				GCC_PREPROCESSOR_DEFINITIONS = (
					"DEBUG=1",
					"$(inherited)",
				);
				GCC_WARN_64_TO_32_BIT_CONVERSION = YES;
				GCC_WARN_ABOUT_RETURN_TYPE = YES_ERROR;
				GCC_WARN_UNDECLARED_SELECTOR = YES;
				GCC_WARN_UNINITIALIZED_AUTOS = YES_AGGRESSIVE;
				GCC_WARN_UNUSED_FUNCTION = YES;
				GCC_WARN_UNUSED_VARIABLE = YES;
				IPHONEOS_DEPLOYMENT_TARGET = 12.1;
				MTL_ENABLE_DEBUG_INFO = INCLUDE_SOURCE;
				MTL_FAST_MATH = YES;
				ONLY_ACTIVE_ARCH = YES;
				SDKROOT = iphoneos;
				SWIFT_ACTIVE_COMPILATION_CONDITIONS = DEBUG;
				SWIFT_OPTIMIZATION_LEVEL = "-Onone";
			};
			name = Debug;
		};
		AA26894B21A0550C00BEABA8 /* Release */ = {
			isa = XCBuildConfiguration;
			buildSettings = {
				ALWAYS_SEARCH_USER_PATHS = NO;
				CLANG_ANALYZER_NONNULL = YES;
				CLANG_ANALYZER_NUMBER_OBJECT_CONVERSION = YES_AGGRESSIVE;
				CLANG_CXX_LANGUAGE_STANDARD = "gnu++14";
				CLANG_CXX_LIBRARY = "libc++";
				CLANG_ENABLE_MODULES = YES;
				CLANG_ENABLE_OBJC_ARC = YES;
				CLANG_ENABLE_OBJC_WEAK = YES;
				CLANG_WARN_BLOCK_CAPTURE_AUTORELEASING = YES;
				CLANG_WARN_BOOL_CONVERSION = YES;
				CLANG_WARN_COMMA = YES;
				CLANG_WARN_CONSTANT_CONVERSION = YES;
				CLANG_WARN_DEPRECATED_OBJC_IMPLEMENTATIONS = YES;
				CLANG_WARN_DIRECT_OBJC_ISA_USAGE = YES_ERROR;
				CLANG_WARN_DOCUMENTATION_COMMENTS = YES;
				CLANG_WARN_EMPTY_BODY = YES;
				CLANG_WARN_ENUM_CONVERSION = YES;
				CLANG_WARN_INFINITE_RECURSION = YES;
				CLANG_WARN_INT_CONVERSION = YES;
				CLANG_WARN_NON_LITERAL_NULL_CONVERSION = YES;
				CLANG_WARN_OBJC_IMPLICIT_RETAIN_SELF = YES;
				CLANG_WARN_OBJC_LITERAL_CONVERSION = YES;
				CLANG_WARN_OBJC_ROOT_CLASS = YES_ERROR;
				CLANG_WARN_RANGE_LOOP_ANALYSIS = YES;
				CLANG_WARN_STRICT_PROTOTYPES = YES;
				CLANG_WARN_SUSPICIOUS_MOVE = YES;
				CLANG_WARN_UNGUARDED_AVAILABILITY = YES_AGGRESSIVE;
				CLANG_WARN_UNREACHABLE_CODE = YES;
				CLANG_WARN__DUPLICATE_METHOD_MATCH = YES;
				CODE_SIGN_IDENTITY = "iPhone Developer";
				COPY_PHASE_STRIP = NO;
				DEBUG_INFORMATION_FORMAT = "dwarf-with-dsym";
				ENABLE_NS_ASSERTIONS = NO;
				ENABLE_STRICT_OBJC_MSGSEND = YES;
				GCC_C_LANGUAGE_STANDARD = gnu11;
				GCC_NO_COMMON_BLOCKS = YES;
				GCC_WARN_64_TO_32_BIT_CONVERSION = YES;
				GCC_WARN_ABOUT_RETURN_TYPE = YES_ERROR;
				GCC_WARN_UNDECLARED_SELECTOR = YES;
				GCC_WARN_UNINITIALIZED_AUTOS = YES_AGGRESSIVE;
				GCC_WARN_UNUSED_FUNCTION = YES;
				GCC_WARN_UNUSED_VARIABLE = YES;
				IPHONEOS_DEPLOYMENT_TARGET = 12.1;
				MTL_ENABLE_DEBUG_INFO = NO;
				MTL_FAST_MATH = YES;
				SDKROOT = iphoneos;
				SWIFT_COMPILATION_MODE = wholemodule;
				SWIFT_OPTIMIZATION_LEVEL = "-O";
				VALIDATE_PRODUCT = YES;
			};
			name = Release;
		};
		AA26894D21A0550C00BEABA8 /* Debug */ = {
			isa = XCBuildConfiguration;
			buildSettings = {
				ASSETCATALOG_COMPILER_APPICON_NAME = AppIcon;
				CODE_SIGN_STYLE = Automatic;
				INFOPLIST_FILE = Example/Info.plist;
				LD_RUNPATH_SEARCH_PATHS = (
					"$(inherited)",
					"@executable_path/Frameworks",
				);
				PRODUCT_BUNDLE_IDENTIFIER = com.meim.Example;
				PRODUCT_NAME = "$(TARGET_NAME)";
				SWIFT_VERSION = 4.2;
				TARGETED_DEVICE_FAMILY = "1,2";
			};
			name = Debug;
		};
		AA26894E21A0550C00BEABA8 /* Release */ = {
			isa = XCBuildConfiguration;
			buildSettings = {
				ASSETCATALOG_COMPILER_APPICON_NAME = AppIcon;
				CODE_SIGN_STYLE = Automatic;
				INFOPLIST_FILE = Example/Info.plist;
				LD_RUNPATH_SEARCH_PATHS = (
					"$(inherited)",
					"@executable_path/Frameworks",
				);
				PRODUCT_BUNDLE_IDENTIFIER = com.meim.Example;
				PRODUCT_NAME = "$(TARGET_NAME)";
				SWIFT_VERSION = 4.2;
				TARGETED_DEVICE_FAMILY = "1,2";
			};
			name = Release;
		};
/* End XCBuildConfiguration section */

/* Begin XCConfigurationList section */
		AA26893521A0550B00BEABA8 /* Build configuration list for PBXProject "Example" */ = {
			isa = XCConfigurationList;
			buildConfigurations = (
				AA26894A21A0550C00BEABA8 /* Debug */,
				AA26894B21A0550C00BEABA8 /* Release */,
			);
			defaultConfigurationIsVisible = 0;
			defaultConfigurationName = Release;
		};
		AA26894C21A0550C00BEABA8 /* Build configuration list for PBXNativeTarget "Example" */ = {
			isa = XCConfigurationList;
			buildConfigurations = (
				AA26894D21A0550C00BEABA8 /* Debug */,
				AA26894E21A0550C00BEABA8 /* Release */,
			);
			defaultConfigurationIsVisible = 0;
			defaultConfigurationName = Release;
		};
/* End XCConfigurationList section */
	};
	rootObject = AA26893221A0550B00BEABA8 /* Project object */;
}
